
Microsoft Visual Studio Solution File, Format Version 12.00
# Visual Studio 15
VisualStudioVersion = 15.0.28010.2048
MinimumVisualStudioVersion = 10.0.40219.1
Project("{9A19103F-16F7-4668-BE54-9A1E7A4F7556}") = "Task1", "Task1\Task1.csproj", "{D50878DB-2447-4CD0-8309-3EB37F458B92}"
EndProject
Project("{9A19103F-16F7-4668-BE54-9A1E7A4F7556}") = "Task2", "Task2\Task2.csproj", "{FD90897C-DFC0-4412-A9C9-A558A416F135}"
EndProject
Project("{9A19103F-16F7-4668-BE54-9A1E7A4F7556}") = "Task4", "Task4\Task4.csproj", "{22737D55-334E-4C3B-B7AD-AAB645D13597}"
EndProject
Project("{FAE04EC0-301F-11D3-BF4B-00C04F79EFBC}") = "Task5", "Task5\Task5.csproj", "{78AD5627-EBD5-4566-B330-F2F3FAADC172}"
EndProject
Project("{FAE04EC0-301F-11D3-BF4B-00C04F79EFBC}") = "Task6", "Task6\Task6.csproj", "{D2CB5DB7-C6C2-4E53-87A4-E4871DF957B7}"
EndProject
Project("{FAE04EC0-301F-11D3-BF4B-00C04F79EFBC}") = "Task7", "Task7\Task7.csproj", "{2D50F076-38F4-4561-959D-3CE6B58F7E49}"
EndProject
Project("{FAE04EC0-301F-11D3-BF4B-00C04F79EFBC}") = "Task8", "Task8\Task8.csproj", "{A7B1E085-D8C9-49E0-901D-4FF72F5611B3}"
EndProject
Project("{FAE04EC0-301F-11D3-BF4B-00C04F79EFBC}") = "Task9", "Task9\Task9.csproj", "{5797A0E4-EDBF-4953-99B9-628360152126}"
EndProject
Project("{FAE04EC0-301F-11D3-BF4B-00C04F79EFBC}") = "Task10", "Task10\Task10.csproj", "{9B07A057-F7A5-44BA-8123-4EC394206EA9}"
EndProject
Project("{FAE04EC0-301F-11D3-BF4B-00C04F79EFBC}") = "Task11", "Task11\Task11.csproj", "{7BA153DC-BF84-45D8-BA38-72B737EF183C}"
EndProject
Project("{FAE04EC0-301F-11D3-BF4B-00C04F79EFBC}") = "Task12", "Task12\Task12.csproj", "{28D65DF8-7B66-465B-B8DC-76E920A78BA4}"
EndProject
Project("{FAE04EC0-301F-11D3-BF4B-00C04F79EFBC}") = "Task13", "Task13\Task13.csproj", "{ADC418EB-BE60-48D2-8A54-541C75B2175C}"
EndProject
Project("{FAE04EC0-301F-11D3-BF4B-00C04F79EFBC}") = "Task14", "Task14\Task14.csproj", "{0050BBA2-BE2A-44EB-8E48-9CF08044CB39}"
EndProject
Project("{FAE04EC0-301F-11D3-BF4B-00C04F79EFBC}") = "Task17", "Task17\Task17.csproj", "{30F88B05-2B68-4146-8266-53AA5B80D442}"
EndProject
Global
	GlobalSection(SolutionConfigurationPlatforms) = preSolution
		Debug|Any CPU = Debug|Any CPU
		Release|Any CPU = Release|Any CPU
	EndGlobalSection
	GlobalSection(ProjectConfigurationPlatforms) = postSolution
		{D50878DB-2447-4CD0-8309-3EB37F458B92}.Debug|Any CPU.ActiveCfg = Debug|Any CPU
		{D50878DB-2447-4CD0-8309-3EB37F458B92}.Debug|Any CPU.Build.0 = Debug|Any CPU
		{D50878DB-2447-4CD0-8309-3EB37F458B92}.Release|Any CPU.ActiveCfg = Release|Any CPU
		{D50878DB-2447-4CD0-8309-3EB37F458B92}.Release|Any CPU.Build.0 = Release|Any CPU
		{FD90897C-DFC0-4412-A9C9-A558A416F135}.Debug|Any CPU.ActiveCfg = Debug|Any CPU
		{FD90897C-DFC0-4412-A9C9-A558A416F135}.Debug|Any CPU.Build.0 = Debug|Any CPU
		{FD90897C-DFC0-4412-A9C9-A558A416F135}.Release|Any CPU.ActiveCfg = Release|Any CPU
		{FD90897C-DFC0-4412-A9C9-A558A416F135}.Release|Any CPU.Build.0 = Release|Any CPU
		{22737D55-334E-4C3B-B7AD-AAB645D13597}.Debug|Any CPU.ActiveCfg = Debug|Any CPU
		{22737D55-334E-4C3B-B7AD-AAB645D13597}.Debug|Any CPU.Build.0 = Debug|Any CPU
		{22737D55-334E-4C3B-B7AD-AAB645D13597}.Release|Any CPU.ActiveCfg = Release|Any CPU
		{22737D55-334E-4C3B-B7AD-AAB645D13597}.Release|Any CPU.Build.0 = Release|Any CPU
		{78AD5627-EBD5-4566-B330-F2F3FAADC172}.Debug|Any CPU.ActiveCfg = Debug|Any CPU
		{78AD5627-EBD5-4566-B330-F2F3FAADC172}.Debug|Any CPU.Build.0 = Debug|Any CPU
		{78AD5627-EBD5-4566-B330-F2F3FAADC172}.Release|Any CPU.ActiveCfg = Release|Any CPU
		{78AD5627-EBD5-4566-B330-F2F3FAADC172}.Release|Any CPU.Build.0 = Release|Any CPU
		{D2CB5DB7-C6C2-4E53-87A4-E4871DF957B7}.Debug|Any CPU.ActiveCfg = Debug|Any CPU
		{D2CB5DB7-C6C2-4E53-87A4-E4871DF957B7}.Debug|Any CPU.Build.0 = Debug|Any CPU
		{D2CB5DB7-C6C2-4E53-87A4-E4871DF957B7}.Release|Any CPU.ActiveCfg = Release|Any CPU
		{D2CB5DB7-C6C2-4E53-87A4-E4871DF957B7}.Release|Any CPU.Build.0 = Release|Any CPU
		{2D50F076-38F4-4561-959D-3CE6B58F7E49}.Debug|Any CPU.ActiveCfg = Debug|Any CPU
		{2D50F076-38F4-4561-959D-3CE6B58F7E49}.Debug|Any CPU.Build.0 = Debug|Any CPU
		{2D50F076-38F4-4561-959D-3CE6B58F7E49}.Release|Any CPU.ActiveCfg = Release|Any CPU
		{2D50F076-38F4-4561-959D-3CE6B58F7E49}.Release|Any CPU.Build.0 = Release|Any CPU
		{A7B1E085-D8C9-49E0-901D-4FF72F5611B3}.Debug|Any CPU.ActiveCfg = Debug|Any CPU
		{A7B1E085-D8C9-49E0-901D-4FF72F5611B3}.Debug|Any CPU.Build.0 = Debug|Any CPU
		{A7B1E085-D8C9-49E0-901D-4FF72F5611B3}.Release|Any CPU.ActiveCfg = Release|Any CPU
		{A7B1E085-D8C9-49E0-901D-4FF72F5611B3}.Release|Any CPU.Build.0 = Release|Any CPU
		{5797A0E4-EDBF-4953-99B9-628360152126}.Debug|Any CPU.ActiveCfg = Debug|Any CPU
		{5797A0E4-EDBF-4953-99B9-628360152126}.Debug|Any CPU.Build.0 = Debug|Any CPU
		{5797A0E4-EDBF-4953-99B9-628360152126}.Release|Any CPU.ActiveCfg = Release|Any CPU
		{5797A0E4-EDBF-4953-99B9-628360152126}.Release|Any CPU.Build.0 = Release|Any CPU
		{9B07A057-F7A5-44BA-8123-4EC394206EA9}.Debug|Any CPU.ActiveCfg = Debug|Any CPU
		{9B07A057-F7A5-44BA-8123-4EC394206EA9}.Debug|Any CPU.Build.0 = Debug|Any CPU
		{9B07A057-F7A5-44BA-8123-4EC394206EA9}.Release|Any CPU.ActiveCfg = Release|Any CPU
		{9B07A057-F7A5-44BA-8123-4EC394206EA9}.Release|Any CPU.Build.0 = Release|Any CPU
		{7BA153DC-BF84-45D8-BA38-72B737EF183C}.Debug|Any CPU.ActiveCfg = Debug|Any CPU
		{7BA153DC-BF84-45D8-BA38-72B737EF183C}.Debug|Any CPU.Build.0 = Debug|Any CPU
		{7BA153DC-BF84-45D8-BA38-72B737EF183C}.Release|Any CPU.ActiveCfg = Release|Any CPU
		{7BA153DC-BF84-45D8-BA38-72B737EF183C}.Release|Any CPU.Build.0 = Release|Any CPU
		{28D65DF8-7B66-465B-B8DC-76E920A78BA4}.Debug|Any CPU.ActiveCfg = Debug|Any CPU
		{28D65DF8-7B66-465B-B8DC-76E920A78BA4}.Debug|Any CPU.Build.0 = Debug|Any CPU
		{28D65DF8-7B66-465B-B8DC-76E920A78BA4}.Release|Any CPU.ActiveCfg = Release|Any CPU
		{28D65DF8-7B66-465B-B8DC-76E920A78BA4}.Release|Any CPU.Build.0 = Release|Any CPU
		{ADC418EB-BE60-48D2-8A54-541C75B2175C}.Debug|Any CPU.ActiveCfg = Debug|Any CPU
		{ADC418EB-BE60-48D2-8A54-541C75B2175C}.Debug|Any CPU.Build.0 = Debug|Any CPU
		{ADC418EB-BE60-48D2-8A54-541C75B2175C}.Release|Any CPU.ActiveCfg = Release|Any CPU
		{ADC418EB-BE60-48D2-8A54-541C75B2175C}.Release|Any CPU.Build.0 = Release|Any CPU
		{0050BBA2-BE2A-44EB-8E48-9CF08044CB39}.Debug|Any CPU.ActiveCfg = Debug|Any CPU
		{0050BBA2-BE2A-44EB-8E48-9CF08044CB39}.Debug|Any CPU.Build.0 = Debug|Any CPU
		{0050BBA2-BE2A-44EB-8E48-9CF08044CB39}.Release|Any CPU.ActiveCfg = Release|Any CPU
		{0050BBA2-BE2A-44EB-8E48-9CF08044CB39}.Release|Any CPU.Build.0 = Release|Any CPU
		{30F88B05-2B68-4146-8266-53AA5B80D442}.Debug|Any CPU.ActiveCfg = Debug|Any CPU
		{30F88B05-2B68-4146-8266-53AA5B80D442}.Debug|Any CPU.Build.0 = Debug|Any CPU
		{30F88B05-2B68-4146-8266-53AA5B80D442}.Release|Any CPU.ActiveCfg = Release|Any CPU
		{30F88B05-2B68-4146-8266-53AA5B80D442}.Release|Any CPU.Build.0 = Release|Any CPU
	EndGlobalSection
	GlobalSection(SolutionProperties) = preSolution
		HideSolutionNode = FALSE
	EndGlobalSection
	GlobalSection(ExtensibilityGlobals) = postSolution
		SolutionGuid = {3D9A943A-B446-447A-B28B-C0A6BDC0B922}
	EndGlobalSection
EndGlobal
